<?xml version="1.0" encoding="utf-8"?>
<Project ToolsVersion="4.0" xmlns="http://schemas.microsoft.com/developer/msbuild/2003">
  <ItemGroup>
    <Filter Include="Source Files">
      <UniqueIdentifier>{30d52f7a-d9b0-4d12-82b9-80046e9a1e0b}</UniqueIdentifier>
      <Extensions>cpp;c;cxx;rc;def;r;odl;idl;hpj;bat</Extensions>
    </Filter>
    <Filter Include="Header Files">
      <UniqueIdentifier>{da92fb93-0161-4689-92e8-d74da8b05b5d}</UniqueIdentifier>
      <Extensions>h;hpp;hxx;hm;inl</Extensions>
    </Filter>
    <Filter Include="Resource Files">
      <UniqueIdentifier>{4a5ccc04-6ea5-4f53-ad36-e9cfa5a1e94b}</UniqueIdentifier>
      <Extensions>ico;cur;bmp;dlg;rc2;rct;bin;rgs;gif;jpg;jpeg;jpe</Extensions>
    </Filter>
  </ItemGroup>
  <ItemGroup>
    <ClCompile Include="DrServerManager.cpp">
      <Filter>Source Files</Filter>
    </ClCompile>
    <ClCompile Include="LocalizingMgr.cpp">
      <Filter>Source Files</Filter>
    </ClCompile>
    <ClCompile Include="main.cpp">
      <Filter>Source Files</Filter>
    </ClCompile>
    <ClCompile Include="monitor.cpp">
      <Filter>Source Files</Filter>
    </ClCompile>
    <ClCompile Include="mylog.cpp">
      <Filter>Source Files</Filter>
    </ClCompile>
    <ClCompile Include="network6.cpp">
      <Filter>Source Files</Filter>
    </ClCompile>
    <ClCompile Include="packed.cpp">
      <Filter>Source Files</Filter>
    </ClCompile>
    <ClCompile Include="Proxy.cpp">
      <Filter>Source Files</Filter>
    </ClCompile>
    <ClCompile Include="recvmsg.cpp">
      <Filter>Source Files</Filter>
    </ClCompile>
    <ClCompile Include="RMListenerTable.cpp">
      <Filter>Source Files</Filter>
    </ClCompile>
    <ClCompile Include="RMProc.cpp">
      <Filter>Source Files</Filter>
    </ClCompile>
    <ClCompile Include="RMTable.cpp">
      <Filter>Source Files</Filter>
    </ClCompile>
    <ClCompile Include="server.cpp">
      <Filter>Source Files</Filter>
    </ClCompile>
    <ClCompile Include="servertable.cpp">
      <Filter>Source Files</Filter>
    </ClCompile>
    <ClCompile Include="ServerTable2.cpp">
      <Filter>Source Files</Filter>
    </ClCompile>
    <ClCompile Include="struct.cpp">
      <Filter>Source Files</Filter>
    </ClCompile>
    <ClCompile Include="UserManager.cpp">
      <Filter>Source Files</Filter>
    </ClCompile>
    <ClCompile Include="usertable.cpp">
      <Filter>Source Files</Filter>
    </ClCompile>
  </ItemGroup>
  <ItemGroup>
    <ClInclude Include="define.h">
      <Filter>Header Files</Filter>
    </ClInclude>
    <ClInclude Include="dr_agent_defines.h">
      <Filter>Header Files</Filter>
    </ClInclude>
    <ClInclude Include="dr_agent_structures.h">
      <Filter>Header Files</Filter>
    </ClInclude>
    <ClInclude Include="Dr_Defines.h">
      <Filter>Header Files</Filter>
    </ClInclude>
    <ClInclude Include="DrServerManager.h">
      <Filter>Header Files</Filter>
    </ClInclude>
    <ClInclude Include="inetwork.h">
      <Filter>Header Files</Filter>
    </ClInclude>
    <ClInclude Include="LocalizingMgr.h">
      <Filter>Header Files</Filter>
    </ClInclude>
    <ClInclude Include="monitor.h">
      <Filter>Header Files</Filter>
    </ClInclude>
    <ClInclude Include="mylog.h">
      <Filter>Header Files</Filter>
    </ClInclude>
    <ClInclude Include="network6.h">
      <Filter>Header Files</Filter>
    </ClInclude>
    <ClInclude Include="network_guid.h">
      <Filter>Header Files</Filter>
    </ClInclude>
    <ClInclude Include="packed.h">
      <Filter>Header Files</Filter>
    </ClInclude>
    <ClInclude Include="protocol.h">
      <Filter>Header Files</Filter>
    </ClInclude>
    <ClInclude Include="Proxy.h">
      <Filter>Header Files</Filter>
    </ClInclude>
    <ClInclude Include="recvmsg.h">
      <Filter>Header Files</Filter>
    </ClInclude>
    <ClInclude Include="RMDefine.h">
      <Filter>Header Files</Filter>
    </ClInclude>
    <ClInclude Include="RMListenerTable.h">
      <Filter>Header Files</Filter>
    </ClInclude>
    <ClInclude Include="RMTable.h">
      <Filter>Header Files</Filter>
    </ClInclude>
    <ClInclude Include="server.h">
      <Filter>Header Files</Filter>
    </ClInclude>
    <ClInclude Include="ServerIdentity.h">
      <Filter>Header Files</Filter>
    </ClInclude>
    <ClInclude Include="servertable.h">
      <Filter>Header Files</Filter>
    </ClInclude>
    <ClInclude Include="ServerTable2.h">
      <Filter>Header Files</Filter>
    </ClInclude>
    <ClInclude Include="StdAfx.h">
      <Filter>Header Files</Filter>
    </ClInclude>
    <ClInclude Include="Struct.h">
      <Filter>Header Files</Filter>
    </ClInclude>
    <ClInclude Include="typedef.h">
      <Filter>Header Files</Filter>
    </ClInclude>
    <ClInclude Include="UserManager.h">
      <Filter>Header Files</Filter>
    </ClInclude>
    <ClInclude Include="usertable.h">
      <Filter>Header Files</Filter>
    </ClInclude>
  </ItemGroup>
</Project>